
Microsoft Visual Studio Solution File, Format Version 12.00
# Visual Studio Version 16
VisualStudioVersion = 16.0.30503.244
MinimumVisualStudioVersion = 10.0.40219.1
Project("{9A19103F-16F7-4668-BE54-9A1E7A4F7556}") = "Faker", "Faker\Faker.csproj", "{BBFD4C88-896F-4BEE-A9AC-0FF61662AEEA}"
EndProject
Project("{9A19103F-16F7-4668-BE54-9A1E7A4F7556}") = "GeneratorOfDateTimes", "GeneratorOfDateTimes\GeneratorOfDateTimes.csproj", "{D391BC8A-563D-49E5-9374-511FA23B6FC6}"
EndProject
Project("{9A19103F-16F7-4668-BE54-9A1E7A4F7556}") = "GeneratorOfBasicTypes", "GeneratorOfBasicTypes\GeneratorOfBasicTypes.csproj", "{3EDEEBCB-D17C-4034-BD42-96162448A27E}"
EndProject
Project("{FAE04EC0-301F-11D3-BF4B-00C04F79EFBC}") = "PluginBase", "PluginBase\PluginBase.csproj", "{08EFABCB-D218-4467-B014-143546253FA9}"
EndProject
Project("{FAE04EC0-301F-11D3-BF4B-00C04F79EFBC}") = "Faker.Tests", "Faker.Tests\Faker.Tests.csproj", "{E02D3948-A90A-489F-AF4F-A8BBE4531AF7}"
EndProject
Global
	GlobalSection(SolutionConfigurationPlatforms) = preSolution
		Debug|Any CPU = Debug|Any CPU
		Release|Any CPU = Release|Any CPU
	EndGlobalSection
	GlobalSection(ProjectConfigurationPlatforms) = postSolution
		{BBFD4C88-896F-4BEE-A9AC-0FF61662AEEA}.Debug|Any CPU.ActiveCfg = Debug|Any CPU
		{BBFD4C88-896F-4BEE-A9AC-0FF61662AEEA}.Debug|Any CPU.Build.0 = Debug|Any CPU
		{BBFD4C88-896F-4BEE-A9AC-0FF61662AEEA}.Release|Any CPU.ActiveCfg = Release|Any CPU
		{BBFD4C88-896F-4BEE-A9AC-0FF61662AEEA}.Release|Any CPU.Build.0 = Release|Any CPU
		{D391BC8A-563D-49E5-9374-511FA23B6FC6}.Debug|Any CPU.ActiveCfg = Debug|Any CPU
		{D391BC8A-563D-49E5-9374-511FA23B6FC6}.Debug|Any CPU.Build.0 = Debug|Any CPU
		{D391BC8A-563D-49E5-9374-511FA23B6FC6}.Release|Any CPU.ActiveCfg = Release|Any CPU
		{D391BC8A-563D-49E5-9374-511FA23B6FC6}.Release|Any CPU.Build.0 = Release|Any CPU
		{3EDEEBCB-D17C-4034-BD42-96162448A27E}.Debug|Any CPU.ActiveCfg = Debug|Any CPU
		{3EDEEBCB-D17C-4034-BD42-96162448A27E}.Debug|Any CPU.Build.0 = Debug|Any CPU
		{3EDEEBCB-D17C-4034-BD42-96162448A27E}.Release|Any CPU.ActiveCfg = Release|Any CPU
		{3EDEEBCB-D17C-4034-BD42-96162448A27E}.Release|Any CPU.Build.0 = Release|Any CPU
		{08EFABCB-D218-4467-B014-143546253FA9}.Debug|Any CPU.ActiveCfg = Debug|Any CPU
		{08EFABCB-D218-4467-B014-143546253FA9}.Debug|Any CPU.Build.0 = Debug|Any CPU
		{08EFABCB-D218-4467-B014-143546253FA9}.Release|Any CPU.ActiveCfg = Release|Any CPU
		{08EFABCB-D218-4467-B014-143546253FA9}.Release|Any CPU.Build.0 = Release|Any CPU
		{E02D3948-A90A-489F-AF4F-A8BBE4531AF7}.Debug|Any CPU.ActiveCfg = Debug|Any CPU
		{E02D3948-A90A-489F-AF4F-A8BBE4531AF7}.Debug|Any CPU.Build.0 = Debug|Any CPU
		{E02D3948-A90A-489F-AF4F-A8BBE4531AF7}.Release|Any CPU.ActiveCfg = Release|Any CPU
		{E02D3948-A90A-489F-AF4F-A8BBE4531AF7}.Release|Any CPU.Build.0 = Release|Any CPU
	EndGlobalSection
	GlobalSection(SolutionProperties) = preSolution
		HideSolutionNode = FALSE
	EndGlobalSection
	GlobalSection(ExtensibilityGlobals) = postSolution
		SolutionGuid = {DDDCB335-F75E-44C0-9274-26CB6E43F20E}
	EndGlobalSection
EndGlobal
